
Microsoft Visual Studio Solution File, Format Version 12.00
# Visual Studio Version 16
VisualStudioVersion = 16.0.29324.140
MinimumVisualStudioVersion = 10.0.40219.1
Project("{2150E333-8FDC-42A3-9474-1A3956D46DE8}") = "BusinessLogicLayer", "BusinessLogicLayer", "{4EF5F0B5-AA7D-4396-85E7-89EFD0F34E98}"
EndProject
Project("{2150E333-8FDC-42A3-9474-1A3956D46DE8}") = "DataAccessLayer", "DataAccessLayer", "{452197AE-C721-486B-AAF7-D3957948DF43}"
EndProject
Project("{9A19103F-16F7-4668-BE54-9A1E7A4F7556}") = "BusinessLogicLayer.Abstraction", "BusinessLogicLayer\BusinessLogicLayer.Abstraction\BusinessLogicLayer.Abstraction.csproj", "{D7B6A6EA-0889-4CA2-889B-D966153890E8}"
EndProject
Project("{9A19103F-16F7-4668-BE54-9A1E7A4F7556}") = "BusinessLogicLayer.Implementation", "BusinessLogicLayer\BusinessLogicLayer.Implementation\BusinessLogicLayer.Implementation.csproj", "{8BA1C299-ADBA-4FF6-9E2D-4D02EE37CC2F}"
EndProject
Project("{9A19103F-16F7-4668-BE54-9A1E7A4F7556}") = "DataAccessLayer.Models", "DataAccessLayer\DataAccessLayer.Models\DataAccessLayer.Models.csproj", "{C053E5C4-F73B-4B64-8FF6-9509AF02E654}"
EndProject
Project("{9A19103F-16F7-4668-BE54-9A1E7A4F7556}") = "DataAccessLayer.Abstraction", "DataAccessLayer\DataAccessLayer.Abstraction\DataAccessLayer.Abstraction.csproj", "{7FDAB73D-35B3-45B4-B8BF-031A8E797409}"
EndProject
Project("{2150E333-8FDC-42A3-9474-1A3956D46DE8}") = "Infrastructure", "Infrastructure", "{A9A11D4A-627B-4884-BB82-B7F55278ED54}"
EndProject
Project("{9A19103F-16F7-4668-BE54-9A1E7A4F7556}") = "Infrastructure.DependencyInjection", "Infrastructure\Infrastructure.DependencyInjection\Infrastructure.DependencyInjection.csproj", "{BDCB99C7-028F-4DB3-AD01-6383DCA18C39}"
EndProject
Project("{9A19103F-16F7-4668-BE54-9A1E7A4F7556}") = "DataAccessLayer.EntityFramework", "DataAccessLayer\DataAccessLayer.EntityFramework\DataAccessLayer.EntityFramework.csproj", "{5AC635A6-B2E9-4E3A-B01A-8F73C913DC30}"
EndProject
Project("{9A19103F-16F7-4668-BE54-9A1E7A4F7556}") = "DataAccessLayer.Repositories", "DataAccessLayer\DataAccessLayer.Repositories\DataAccessLayer.Repositories.csproj", "{E103D797-C206-4BB3-AAFC-FD0EE1AD2352}"
EndProject
Project("{9A19103F-16F7-4668-BE54-9A1E7A4F7556}") = "BusinessLogicLayer.Tests", "BusinessLogicLayer\BusinessLogicLayer.Tests\BusinessLogicLayer.Tests.csproj", "{B4E002BF-19F8-4980-96ED-67CD5307C836}"
EndProject
Project("{9A19103F-16F7-4668-BE54-9A1E7A4F7556}") = "Adboard.UI", "Adboard.UI\Adboard.UI.csproj", "{0A9DF8A2-15D9-4679-8493-0A147425DC95}"
EndProject
Project("{9A19103F-16F7-4668-BE54-9A1E7A4F7556}") = "Adboard.API", "Adboard.API\Adboard.API.csproj", "{19CDAE62-1FCC-450C-8D7A-F4F793A2ADCD}"
EndProject
Project("{9A19103F-16F7-4668-BE54-9A1E7A4F7556}") = "Adboard.Contracts", "Adboard.Contracts\Adboard.Contracts.csproj", "{3C22B135-C984-4742-8040-C4232EC9D736}"
EndProject
Project("{E53339B2-1760-4266-BCC7-CA923CBCF16C}") = "docker-compose", "docker-compose.dcproj", "{3FD0D31B-96F9-4CB6-ADB3-CAD3223D75E3}"
EndProject
Global
	GlobalSection(SolutionConfigurationPlatforms) = preSolution
		Debug|Any CPU = Debug|Any CPU
		Release|Any CPU = Release|Any CPU
	EndGlobalSection
	GlobalSection(ProjectConfigurationPlatforms) = postSolution
		{D7B6A6EA-0889-4CA2-889B-D966153890E8}.Debug|Any CPU.ActiveCfg = Debug|Any CPU
		{D7B6A6EA-0889-4CA2-889B-D966153890E8}.Debug|Any CPU.Build.0 = Debug|Any CPU
		{D7B6A6EA-0889-4CA2-889B-D966153890E8}.Release|Any CPU.ActiveCfg = Release|Any CPU
		{D7B6A6EA-0889-4CA2-889B-D966153890E8}.Release|Any CPU.Build.0 = Release|Any CPU
		{8BA1C299-ADBA-4FF6-9E2D-4D02EE37CC2F}.Debug|Any CPU.ActiveCfg = Debug|Any CPU
		{8BA1C299-ADBA-4FF6-9E2D-4D02EE37CC2F}.Debug|Any CPU.Build.0 = Debug|Any CPU
		{8BA1C299-ADBA-4FF6-9E2D-4D02EE37CC2F}.Release|Any CPU.ActiveCfg = Release|Any CPU
		{8BA1C299-ADBA-4FF6-9E2D-4D02EE37CC2F}.Release|Any CPU.Build.0 = Release|Any CPU
		{C053E5C4-F73B-4B64-8FF6-9509AF02E654}.Debug|Any CPU.ActiveCfg = Debug|Any CPU
		{C053E5C4-F73B-4B64-8FF6-9509AF02E654}.Debug|Any CPU.Build.0 = Debug|Any CPU
		{C053E5C4-F73B-4B64-8FF6-9509AF02E654}.Release|Any CPU.ActiveCfg = Release|Any CPU
		{C053E5C4-F73B-4B64-8FF6-9509AF02E654}.Release|Any CPU.Build.0 = Release|Any CPU
		{7FDAB73D-35B3-45B4-B8BF-031A8E797409}.Debug|Any CPU.ActiveCfg = Debug|Any CPU
		{7FDAB73D-35B3-45B4-B8BF-031A8E797409}.Debug|Any CPU.Build.0 = Debug|Any CPU
		{7FDAB73D-35B3-45B4-B8BF-031A8E797409}.Release|Any CPU.ActiveCfg = Release|Any CPU
		{7FDAB73D-35B3-45B4-B8BF-031A8E797409}.Release|Any CPU.Build.0 = Release|Any CPU
		{BDCB99C7-028F-4DB3-AD01-6383DCA18C39}.Debug|Any CPU.ActiveCfg = Debug|Any CPU
		{BDCB99C7-028F-4DB3-AD01-6383DCA18C39}.Debug|Any CPU.Build.0 = Debug|Any CPU
		{BDCB99C7-028F-4DB3-AD01-6383DCA18C39}.Release|Any CPU.ActiveCfg = Release|Any CPU
		{BDCB99C7-028F-4DB3-AD01-6383DCA18C39}.Release|Any CPU.Build.0 = Release|Any CPU
		{5AC635A6-B2E9-4E3A-B01A-8F73C913DC30}.Debug|Any CPU.ActiveCfg = Debug|Any CPU
		{5AC635A6-B2E9-4E3A-B01A-8F73C913DC30}.Debug|Any CPU.Build.0 = Debug|Any CPU
		{5AC635A6-B2E9-4E3A-B01A-8F73C913DC30}.Release|Any CPU.ActiveCfg = Release|Any CPU
		{5AC635A6-B2E9-4E3A-B01A-8F73C913DC30}.Release|Any CPU.Build.0 = Release|Any CPU
		{E103D797-C206-4BB3-AAFC-FD0EE1AD2352}.Debug|Any CPU.ActiveCfg = Debug|Any CPU
		{E103D797-C206-4BB3-AAFC-FD0EE1AD2352}.Debug|Any CPU.Build.0 = Debug|Any CPU
		{E103D797-C206-4BB3-AAFC-FD0EE1AD2352}.Release|Any CPU.ActiveCfg = Release|Any CPU
		{E103D797-C206-4BB3-AAFC-FD0EE1AD2352}.Release|Any CPU.Build.0 = Release|Any CPU
		{B4E002BF-19F8-4980-96ED-67CD5307C836}.Debug|Any CPU.ActiveCfg = Debug|Any CPU
		{B4E002BF-19F8-4980-96ED-67CD5307C836}.Debug|Any CPU.Build.0 = Debug|Any CPU
		{B4E002BF-19F8-4980-96ED-67CD5307C836}.Release|Any CPU.ActiveCfg = Release|Any CPU
		{B4E002BF-19F8-4980-96ED-67CD5307C836}.Release|Any CPU.Build.0 = Release|Any CPU
		{0A9DF8A2-15D9-4679-8493-0A147425DC95}.Debug|Any CPU.ActiveCfg = Debug|Any CPU
		{0A9DF8A2-15D9-4679-8493-0A147425DC95}.Debug|Any CPU.Build.0 = Debug|Any CPU
		{0A9DF8A2-15D9-4679-8493-0A147425DC95}.Release|Any CPU.ActiveCfg = Release|Any CPU
		{0A9DF8A2-15D9-4679-8493-0A147425DC95}.Release|Any CPU.Build.0 = Release|Any CPU
		{19CDAE62-1FCC-450C-8D7A-F4F793A2ADCD}.Debug|Any CPU.ActiveCfg = Debug|Any CPU
		{19CDAE62-1FCC-450C-8D7A-F4F793A2ADCD}.Debug|Any CPU.Build.0 = Debug|Any CPU
		{19CDAE62-1FCC-450C-8D7A-F4F793A2ADCD}.Release|Any CPU.ActiveCfg = Release|Any CPU
		{19CDAE62-1FCC-450C-8D7A-F4F793A2ADCD}.Release|Any CPU.Build.0 = Release|Any CPU
		{3C22B135-C984-4742-8040-C4232EC9D736}.Debug|Any CPU.ActiveCfg = Debug|Any CPU
		{3C22B135-C984-4742-8040-C4232EC9D736}.Debug|Any CPU.Build.0 = Debug|Any CPU
		{3C22B135-C984-4742-8040-C4232EC9D736}.Release|Any CPU.ActiveCfg = Release|Any CPU
		{3C22B135-C984-4742-8040-C4232EC9D736}.Release|Any CPU.Build.0 = Release|Any CPU
		{3FD0D31B-96F9-4CB6-ADB3-CAD3223D75E3}.Debug|Any CPU.ActiveCfg = Debug|Any CPU
		{3FD0D31B-96F9-4CB6-ADB3-CAD3223D75E3}.Debug|Any CPU.Build.0 = Debug|Any CPU
		{3FD0D31B-96F9-4CB6-ADB3-CAD3223D75E3}.Release|Any CPU.ActiveCfg = Release|Any CPU
		{3FD0D31B-96F9-4CB6-ADB3-CAD3223D75E3}.Release|Any CPU.Build.0 = Release|Any CPU
	EndGlobalSection
	GlobalSection(SolutionProperties) = preSolution
		HideSolutionNode = FALSE
	EndGlobalSection
	GlobalSection(NestedProjects) = preSolution
		{D7B6A6EA-0889-4CA2-889B-D966153890E8} = {4EF5F0B5-AA7D-4396-85E7-89EFD0F34E98}
		{8BA1C299-ADBA-4FF6-9E2D-4D02EE37CC2F} = {4EF5F0B5-AA7D-4396-85E7-89EFD0F34E98}
		{C053E5C4-F73B-4B64-8FF6-9509AF02E654} = {452197AE-C721-486B-AAF7-D3957948DF43}
		{7FDAB73D-35B3-45B4-B8BF-031A8E797409} = {452197AE-C721-486B-AAF7-D3957948DF43}
		{BDCB99C7-028F-4DB3-AD01-6383DCA18C39} = {A9A11D4A-627B-4884-BB82-B7F55278ED54}
		{5AC635A6-B2E9-4E3A-B01A-8F73C913DC30} = {452197AE-C721-486B-AAF7-D3957948DF43}
		{E103D797-C206-4BB3-AAFC-FD0EE1AD2352} = {452197AE-C721-486B-AAF7-D3957948DF43}
		{B4E002BF-19F8-4980-96ED-67CD5307C836} = {4EF5F0B5-AA7D-4396-85E7-89EFD0F34E98}
	EndGlobalSection
	GlobalSection(ExtensibilityGlobals) = postSolution
		SolutionGuid = {30283CD1-D6CD-41AD-AAB8-12789CA75B6E}
	EndGlobalSection
EndGlobal
